
Microsoft Visual Studio Solution File, Format Version 12.00
# Visual Studio 2013
VisualStudioVersion = 12.0.21005.1
MinimumVisualStudioVersion = 10.0.40219.1
Project("{FAE04EC0-301F-11D3-BF4B-00C04F79EFBC}") = "NeuralNetwork", "NeuralNetwork v1.6\NeuralNetwork.csproj", "{244FAEAF-625D-49E9-AF23-17CFCE305AF8}"
EndProject
Project("{FAE04EC0-301F-11D3-BF4B-00C04F79EFBC}") = "TestDirectLayer", "TestDirectLayer\TestDirectLayer.csproj", "{BABA5CE8-7051-44E5-829A-FE58E03D02A6}"
EndProject
Project("{FAE04EC0-301F-11D3-BF4B-00C04F79EFBC}") = "MatLib", "..\MathLib\MathLib\MatLib.csproj", "{42B66BAD-4224-4BB9-BBF0-CB7E87A96438}"
EndProject
Project("{2150E333-8FDC-42A3-9474-1A3956D46DE8}") = "Tests", "Tests", "{AA7B453F-8F86-44D3-8DE8-3327552A88FD}"
EndProject
Project("{FAE04EC0-301F-11D3-BF4B-00C04F79EFBC}") = "TestConvLayer", "TestConvLayer\TestConvLayer.csproj", "{F9B3BACE-550F-4AC0-AA29-E3AC2A8164F4}"
EndProject
Project("{FAE04EC0-301F-11D3-BF4B-00C04F79EFBC}") = "TestKernel", "TestKernel\TestKernel.csproj", "{3C4831AE-33DB-4FB6-B773-FC5066C05CBF}"
EndProject
Project("{FAE04EC0-301F-11D3-BF4B-00C04F79EFBC}") = "TestWTA", "TestWTA\TestWTA.csproj", "{97664946-5ADD-41CE-9F7C-D776440A0164}"
EndProject
Project("{FAE04EC0-301F-11D3-BF4B-00C04F79EFBC}") = "ChatBot", "..\MathLib\Bot\ChatBot.csproj", "{822A264F-10C9-4162-B973-11FC239CFC34}"
EndProject
Project("{FAE04EC0-301F-11D3-BF4B-00C04F79EFBC}") = "NewMethodTrain", "NewMethodTrain\NewMethodTrain.csproj", "{F15BFDDE-5DD6-4654-B74E-7B08ACF9C9E7}"
EndProject
Project("{FAE04EC0-301F-11D3-BF4B-00C04F79EFBC}") = "TaylorInterpolation", "TaylorInterpolation\TaylorInterpolation.csproj", "{325E874D-92BA-4A9B-8F0A-4852B330128E}"
EndProject
Project("{FAE04EC0-301F-11D3-BF4B-00C04F79EFBC}") = "Predict", "Predict\Predict.csproj", "{CF07FFE0-49F9-4165-8DB6-3E899613077D}"
EndProject
Project("{FAE04EC0-301F-11D3-BF4B-00C04F79EFBC}") = "AI.MathMod", "..\ServerClientNeuralNet\AI.MathModSharp-master\AI.MathMod.csproj", "{DF41FBB8-CBF9-4E1A-BB07-30D678991734}"
EndProject
Project("{FAE04EC0-301F-11D3-BF4B-00C04F79EFBC}") = "NonIterationTrain", "NonIterationTrain\NonIterationTrain.csproj", "{89E4CEFB-E92F-4AC7-AC3D-2EA97FEEC90B}"
EndProject
Project("{FAE04EC0-301F-11D3-BF4B-00C04F79EFBC}") = "InterpolaionNeuralNet", "InterpolaionNeuralNet\InterpolaionNeuralNet.csproj", "{561DE276-187B-49FE-9869-36FB3CA82194}"
EndProject
Global
	GlobalSection(SolutionConfigurationPlatforms) = preSolution
		Debug|Any CPU = Debug|Any CPU
		Release|Any CPU = Release|Any CPU
	EndGlobalSection
	GlobalSection(ProjectConfigurationPlatforms) = postSolution
		{244FAEAF-625D-49E9-AF23-17CFCE305AF8}.Debug|Any CPU.ActiveCfg = Debug|Any CPU
		{244FAEAF-625D-49E9-AF23-17CFCE305AF8}.Debug|Any CPU.Build.0 = Debug|Any CPU
		{244FAEAF-625D-49E9-AF23-17CFCE305AF8}.Release|Any CPU.ActiveCfg = Release|Any CPU
		{244FAEAF-625D-49E9-AF23-17CFCE305AF8}.Release|Any CPU.Build.0 = Release|Any CPU
		{BABA5CE8-7051-44E5-829A-FE58E03D02A6}.Debug|Any CPU.ActiveCfg = Debug|Any CPU
		{BABA5CE8-7051-44E5-829A-FE58E03D02A6}.Debug|Any CPU.Build.0 = Debug|Any CPU
		{BABA5CE8-7051-44E5-829A-FE58E03D02A6}.Release|Any CPU.ActiveCfg = Release|Any CPU
		{BABA5CE8-7051-44E5-829A-FE58E03D02A6}.Release|Any CPU.Build.0 = Release|Any CPU
		{42B66BAD-4224-4BB9-BBF0-CB7E87A96438}.Debug|Any CPU.ActiveCfg = Debug|Any CPU
		{42B66BAD-4224-4BB9-BBF0-CB7E87A96438}.Debug|Any CPU.Build.0 = Debug|Any CPU
		{42B66BAD-4224-4BB9-BBF0-CB7E87A96438}.Release|Any CPU.ActiveCfg = Release|Any CPU
		{42B66BAD-4224-4BB9-BBF0-CB7E87A96438}.Release|Any CPU.Build.0 = Release|Any CPU
		{F9B3BACE-550F-4AC0-AA29-E3AC2A8164F4}.Debug|Any CPU.ActiveCfg = Debug|Any CPU
		{F9B3BACE-550F-4AC0-AA29-E3AC2A8164F4}.Debug|Any CPU.Build.0 = Debug|Any CPU
		{F9B3BACE-550F-4AC0-AA29-E3AC2A8164F4}.Release|Any CPU.ActiveCfg = Release|Any CPU
		{F9B3BACE-550F-4AC0-AA29-E3AC2A8164F4}.Release|Any CPU.Build.0 = Release|Any CPU
		{3C4831AE-33DB-4FB6-B773-FC5066C05CBF}.Debug|Any CPU.ActiveCfg = Debug|Any CPU
		{3C4831AE-33DB-4FB6-B773-FC5066C05CBF}.Debug|Any CPU.Build.0 = Debug|Any CPU
		{3C4831AE-33DB-4FB6-B773-FC5066C05CBF}.Release|Any CPU.ActiveCfg = Release|Any CPU
		{3C4831AE-33DB-4FB6-B773-FC5066C05CBF}.Release|Any CPU.Build.0 = Release|Any CPU
		{97664946-5ADD-41CE-9F7C-D776440A0164}.Debug|Any CPU.ActiveCfg = Debug|Any CPU
		{97664946-5ADD-41CE-9F7C-D776440A0164}.Debug|Any CPU.Build.0 = Debug|Any CPU
		{97664946-5ADD-41CE-9F7C-D776440A0164}.Release|Any CPU.ActiveCfg = Release|Any CPU
		{97664946-5ADD-41CE-9F7C-D776440A0164}.Release|Any CPU.Build.0 = Release|Any CPU
		{822A264F-10C9-4162-B973-11FC239CFC34}.Debug|Any CPU.ActiveCfg = Debug|Any CPU
		{822A264F-10C9-4162-B973-11FC239CFC34}.Debug|Any CPU.Build.0 = Debug|Any CPU
		{822A264F-10C9-4162-B973-11FC239CFC34}.Release|Any CPU.ActiveCfg = Release|Any CPU
		{822A264F-10C9-4162-B973-11FC239CFC34}.Release|Any CPU.Build.0 = Release|Any CPU
		{F15BFDDE-5DD6-4654-B74E-7B08ACF9C9E7}.Debug|Any CPU.ActiveCfg = Debug|Any CPU
		{F15BFDDE-5DD6-4654-B74E-7B08ACF9C9E7}.Debug|Any CPU.Build.0 = Debug|Any CPU
		{F15BFDDE-5DD6-4654-B74E-7B08ACF9C9E7}.Release|Any CPU.ActiveCfg = Release|Any CPU
		{F15BFDDE-5DD6-4654-B74E-7B08ACF9C9E7}.Release|Any CPU.Build.0 = Release|Any CPU
		{325E874D-92BA-4A9B-8F0A-4852B330128E}.Debug|Any CPU.ActiveCfg = Debug|Any CPU
		{325E874D-92BA-4A9B-8F0A-4852B330128E}.Debug|Any CPU.Build.0 = Debug|Any CPU
		{325E874D-92BA-4A9B-8F0A-4852B330128E}.Release|Any CPU.ActiveCfg = Release|Any CPU
		{325E874D-92BA-4A9B-8F0A-4852B330128E}.Release|Any CPU.Build.0 = Release|Any CPU
		{CF07FFE0-49F9-4165-8DB6-3E899613077D}.Debug|Any CPU.ActiveCfg = Debug|Any CPU
		{CF07FFE0-49F9-4165-8DB6-3E899613077D}.Debug|Any CPU.Build.0 = Debug|Any CPU
		{CF07FFE0-49F9-4165-8DB6-3E899613077D}.Release|Any CPU.ActiveCfg = Release|Any CPU
		{CF07FFE0-49F9-4165-8DB6-3E899613077D}.Release|Any CPU.Build.0 = Release|Any CPU
		{DF41FBB8-CBF9-4E1A-BB07-30D678991734}.Debug|Any CPU.ActiveCfg = Debug|Any CPU
		{DF41FBB8-CBF9-4E1A-BB07-30D678991734}.Debug|Any CPU.Build.0 = Debug|Any CPU
		{DF41FBB8-CBF9-4E1A-BB07-30D678991734}.Release|Any CPU.ActiveCfg = Release|Any CPU
		{DF41FBB8-CBF9-4E1A-BB07-30D678991734}.Release|Any CPU.Build.0 = Release|Any CPU
		{89E4CEFB-E92F-4AC7-AC3D-2EA97FEEC90B}.Debug|Any CPU.ActiveCfg = Debug|Any CPU
		{89E4CEFB-E92F-4AC7-AC3D-2EA97FEEC90B}.Debug|Any CPU.Build.0 = Debug|Any CPU
		{89E4CEFB-E92F-4AC7-AC3D-2EA97FEEC90B}.Release|Any CPU.ActiveCfg = Release|Any CPU
		{89E4CEFB-E92F-4AC7-AC3D-2EA97FEEC90B}.Release|Any CPU.Build.0 = Release|Any CPU
		{561DE276-187B-49FE-9869-36FB3CA82194}.Debug|Any CPU.ActiveCfg = Debug|Any CPU
		{561DE276-187B-49FE-9869-36FB3CA82194}.Debug|Any CPU.Build.0 = Debug|Any CPU
		{561DE276-187B-49FE-9869-36FB3CA82194}.Release|Any CPU.ActiveCfg = Release|Any CPU
		{561DE276-187B-49FE-9869-36FB3CA82194}.Release|Any CPU.Build.0 = Release|Any CPU
	EndGlobalSection
	GlobalSection(SolutionProperties) = preSolution
		HideSolutionNode = FALSE
	EndGlobalSection
	GlobalSection(NestedProjects) = preSolution
		{BABA5CE8-7051-44E5-829A-FE58E03D02A6} = {AA7B453F-8F86-44D3-8DE8-3327552A88FD}
		{F9B3BACE-550F-4AC0-AA29-E3AC2A8164F4} = {AA7B453F-8F86-44D3-8DE8-3327552A88FD}
		{3C4831AE-33DB-4FB6-B773-FC5066C05CBF} = {AA7B453F-8F86-44D3-8DE8-3327552A88FD}
		{97664946-5ADD-41CE-9F7C-D776440A0164} = {AA7B453F-8F86-44D3-8DE8-3327552A88FD}
		{F15BFDDE-5DD6-4654-B74E-7B08ACF9C9E7} = {AA7B453F-8F86-44D3-8DE8-3327552A88FD}
		{325E874D-92BA-4A9B-8F0A-4852B330128E} = {AA7B453F-8F86-44D3-8DE8-3327552A88FD}
		{CF07FFE0-49F9-4165-8DB6-3E899613077D} = {AA7B453F-8F86-44D3-8DE8-3327552A88FD}
		{89E4CEFB-E92F-4AC7-AC3D-2EA97FEEC90B} = {AA7B453F-8F86-44D3-8DE8-3327552A88FD}
		{561DE276-187B-49FE-9869-36FB3CA82194} = {AA7B453F-8F86-44D3-8DE8-3327552A88FD}
	EndGlobalSection
EndGlobal
